// !$*UTF8*$!
{
	archiveVersion = 1;
	classes = {
	};
	objectVersion = 48;
	objects = {

/* Begin PBXBuildFile section */
		366628CC2046859300CE9F51 /* AppDelegate.swift in Sources */ = {isa = PBXBuildFile; fileRef = 366628CB2046859300CE9F51 /* AppDelegate.swift */; };
		366628CE2046859300CE9F51 /* ViewController.swift in Sources */ = {isa = PBXBuildFile; fileRef = 366628CD2046859300CE9F51 /* ViewController.swift */; };
		366628D12046859300CE9F51 /* Main.storyboard in Resources */ = {isa = PBXBuildFile; fileRef = 366628CF2046859300CE9F51 /* Main.storyboard */; };
		366628D32046859300CE9F51 /* Assets.xcassets in Resources */ = {isa = PBXBuildFile; fileRef = 366628D22046859300CE9F51 /* Assets.xcassets */; };
		366628D62046859300CE9F51 /* LaunchScreen.storyboard in Resources */ = {isa = PBXBuildFile; fileRef = 366628D42046859300CE9F51 /* LaunchScreen.storyboard */; };
		366628E12046859300CE9F51 /* AlgorithmsTests.swift in Sources */ = {isa = PBXBuildFile; fileRef = 366628E02046859300CE9F51 /* AlgorithmsTests.swift */; };
		366628EC2046859300CE9F51 /* AlgorithmsUITests.swift in Sources */ = {isa = PBXBuildFile; fileRef = 366628EB2046859300CE9F51 /* AlgorithmsUITests.swift */; };
		366628FA204685AC00CE9F51 /* Algorithms.swift in Sources */ = {isa = PBXBuildFile; fileRef = 366628F9204685AC00CE9F51 /* Algorithms.swift */; };
		3681559B204D221E00CD4B20 /* Algorithms+sort.swift in Sources */ = {isa = PBXBuildFile; fileRef = 3681559A204D221E00CD4B20 /* Algorithms+sort.swift */; };
/* End PBXBuildFile section */

/* Begin PBXContainerItemProxy section */
		366628DD2046859300CE9F51 /* PBXContainerItemProxy */ = {
			isa = PBXContainerItemProxy;
			containerPortal = 366628C02046859300CE9F51 /* Project object */;
			proxyType = 1;
			remoteGlobalIDString = 366628C72046859300CE9F51;
			remoteInfo = Algorithms;
		};
		366628E82046859300CE9F51 /* PBXContainerItemProxy */ = {
			isa = PBXContainerItemProxy;
			containerPortal = 366628C02046859300CE9F51 /* Project object */;
			proxyType = 1;
			remoteGlobalIDString = 366628C72046859300CE9F51;
			remoteInfo = Algorithms;
		};
/* End PBXContainerItemProxy section */

/* Begin PBXFileReference section */
		366628C82046859300CE9F51 /* Algorithms.app */ = {isa = PBXFileReference; explicitFileType = wrapper.application; includeInIndex = 0; path = Algorithms.app; sourceTree = BUILT_PRODUCTS_DIR; };
		366628CB2046859300CE9F51 /* AppDelegate.swift */ = {isa = PBXFileReference; lastKnownFileType = sourcecode.swift; path = AppDelegate.swift; sourceTree = "<group>"; };
		366628CD2046859300CE9F51 /* ViewController.swift */ = {isa = PBXFileReference; lastKnownFileType = sourcecode.swift; path = ViewController.swift; sourceTree = "<group>"; };
		366628D02046859300CE9F51 /* Base */ = {isa = PBXFileReference; lastKnownFileType = file.storyboard; name = Base; path = Base.lproj/Main.storyboard; sourceTree = "<group>"; };
		366628D22046859300CE9F51 /* Assets.xcassets */ = {isa = PBXFileReference; lastKnownFileType = folder.assetcatalog; path = Assets.xcassets; sourceTree = "<group>"; };
		366628D52046859300CE9F51 /* Base */ = {isa = PBXFileReference; lastKnownFileType = file.storyboard; name = Base; path = Base.lproj/LaunchScreen.storyboard; sourceTree = "<group>"; };
		366628D72046859300CE9F51 /* Info.plist */ = {isa = PBXFileReference; lastKnownFileType = text.plist.xml; path = Info.plist; sourceTree = "<group>"; };
		366628DC2046859300CE9F51 /* AlgorithmsTests.xctest */ = {isa = PBXFileReference; explicitFileType = wrapper.cfbundle; includeInIndex = 0; path = AlgorithmsTests.xctest; sourceTree = BUILT_PRODUCTS_DIR; };
		366628E02046859300CE9F51 /* AlgorithmsTests.swift */ = {isa = PBXFileReference; lastKnownFileType = sourcecode.swift; path = AlgorithmsTests.swift; sourceTree = "<group>"; };
		366628E22046859300CE9F51 /* Info.plist */ = {isa = PBXFileReference; lastKnownFileType = text.plist.xml; path = Info.plist; sourceTree = "<group>"; };
		366628E72046859300CE9F51 /* AlgorithmsUITests.xctest */ = {isa = PBXFileReference; explicitFileType = wrapper.cfbundle; includeInIndex = 0; path = AlgorithmsUITests.xctest; sourceTree = BUILT_PRODUCTS_DIR; };
		366628EB2046859300CE9F51 /* AlgorithmsUITests.swift */ = {isa = PBXFileReference; lastKnownFileType = sourcecode.swift; path = AlgorithmsUITests.swift; sourceTree = "<group>"; };
		366628ED2046859300CE9F51 /* Info.plist */ = {isa = PBXFileReference; lastKnownFileType = text.plist.xml; path = Info.plist; sourceTree = "<group>"; };
		366628F9204685AC00CE9F51 /* Algorithms.swift */ = {isa = PBXFileReference; lastKnownFileType = sourcecode.swift; path = Algorithms.swift; sourceTree = "<group>"; };
		3681559A204D221E00CD4B20 /* Algorithms+sort.swift */ = {isa = PBXFileReference; lastKnownFileType = sourcecode.swift; path = "Algorithms+sort.swift"; sourceTree = "<group>"; };
/* End PBXFileReference section */

/* Begin PBXFrameworksBuildPhase section */
		366628C52046859300CE9F51 /* Frameworks */ = {
			isa = PBXFrameworksBuildPhase;
			buildActionMask = 2147483647;
			files = (
			);
			runOnlyForDeploymentPostprocessing = 0;
		};
		366628D92046859300CE9F51 /* Frameworks */ = {
			isa = PBXFrameworksBuildPhase;
			buildActionMask = 2147483647;
			files = (
			);
			runOnlyForDeploymentPostprocessing = 0;
		};
		366628E42046859300CE9F51 /* Frameworks */ = {
			isa = PBXFrameworksBuildPhase;
			buildActionMask = 2147483647;
			files = (
			);
			runOnlyForDeploymentPostprocessing = 0;
		};
/* End PBXFrameworksBuildPhase section */

/* Begin PBXGroup section */
		366628BF2046859300CE9F51 = {
			isa = PBXGroup;
			children = (
				366628CA2046859300CE9F51 /* Algorithms */,
				366628DF2046859300CE9F51 /* AlgorithmsTests */,
				366628EA2046859300CE9F51 /* AlgorithmsUITests */,
				366628C92046859300CE9F51 /* Products */,
			);
			sourceTree = "<group>";
		};
		366628C92046859300CE9F51 /* Products */ = {
			isa = PBXGroup;
			children = (
				366628C82046859300CE9F51 /* Algorithms.app */,
				366628DC2046859300CE9F51 /* AlgorithmsTests.xctest */,
				366628E72046859300CE9F51 /* AlgorithmsUITests.xctest */,
			);
			name = Products;
			sourceTree = "<group>";
		};
		366628CA2046859300CE9F51 /* Algorithms */ = {
			isa = PBXGroup;
			children = (
				366628CB2046859300CE9F51 /* AppDelegate.swift */,
				366628CD2046859300CE9F51 /* ViewController.swift */,
				366628F9204685AC00CE9F51 /* Algorithms.swift */,
				3681559A204D221E00CD4B20 /* Algorithms+sort.swift */,
				366628CF2046859300CE9F51 /* Main.storyboard */,
				366628D22046859300CE9F51 /* Assets.xcassets */,
				366628D42046859300CE9F51 /* LaunchScreen.storyboard */,
				366628D72046859300CE9F51 /* Info.plist */,
			);
			path = Algorithms;
			sourceTree = "<group>";
		};
		366628DF2046859300CE9F51 /* AlgorithmsTests */ = {
			isa = PBXGroup;
			children = (
				366628E02046859300CE9F51 /* AlgorithmsTests.swift */,
				366628E22046859300CE9F51 /* Info.plist */,
			);
			path = AlgorithmsTests;
			sourceTree = "<group>";
		};
		366628EA2046859300CE9F51 /* AlgorithmsUITests */ = {
			isa = PBXGroup;
			children = (
				366628EB2046859300CE9F51 /* AlgorithmsUITests.swift */,
				366628ED2046859300CE9F51 /* Info.plist */,
			);
			path = AlgorithmsUITests;
			sourceTree = "<group>";
		};
/* End PBXGroup section */

/* Begin PBXNativeTarget section */
		366628C72046859300CE9F51 /* Algorithms */ = {
			isa = PBXNativeTarget;
			buildConfigurationList = 366628F02046859300CE9F51 /* Build configuration list for PBXNativeTarget "Algorithms" */;
			buildPhases = (
				366628C42046859300CE9F51 /* Sources */,
				366628C52046859300CE9F51 /* Frameworks */,
				366628C62046859300CE9F51 /* Resources */,
			);
			buildRules = (
			);
			dependencies = (
			);
			name = Algorithms;
			productName = Algorithms;
			productReference = 366628C82046859300CE9F51 /* Algorithms.app */;
			productType = "com.apple.product-type.application";
		};
		366628DB2046859300CE9F51 /* AlgorithmsTests */ = {
			isa = PBXNativeTarget;
			buildConfigurationList = 366628F32046859300CE9F51 /* Build configuration list for PBXNativeTarget "AlgorithmsTests" */;
			buildPhases = (
				366628D82046859300CE9F51 /* Sources */,
				366628D92046859300CE9F51 /* Frameworks */,
				366628DA2046859300CE9F51 /* Resources */,
			);
			buildRules = (
			);
			dependencies = (
				366628DE2046859300CE9F51 /* PBXTargetDependency */,
			);
			name = AlgorithmsTests;
			productName = AlgorithmsTests;
			productReference = 366628DC2046859300CE9F51 /* AlgorithmsTests.xctest */;
			productType = "com.apple.product-type.bundle.unit-test";
		};
		366628E62046859300CE9F51 /* AlgorithmsUITests */ = {
			isa = PBXNativeTarget;
			buildConfigurationList = 366628F62046859300CE9F51 /* Build configuration list for PBXNativeTarget "AlgorithmsUITests" */;
			buildPhases = (
				366628E32046859300CE9F51 /* Sources */,
				366628E42046859300CE9F51 /* Frameworks */,
				366628E52046859300CE9F51 /* Resources */,
			);
			buildRules = (
			);
			dependencies = (
				366628E92046859300CE9F51 /* PBXTargetDependency */,
			);
			name = AlgorithmsUITests;
			productName = AlgorithmsUITests;
			productReference = 366628E72046859300CE9F51 /* AlgorithmsUITests.xctest */;
			productType = "com.apple.product-type.bundle.ui-testing";
		};
/* End PBXNativeTarget section */

/* Begin PBXProject section */
		366628C02046859300CE9F51 /* Project object */ = {
			isa = PBXProject;
			attributes = {
				LastSwiftUpdateCheck = 0920;
				LastUpgradeCheck = 0920;
				ORGANIZATIONNAME = "石函东";
				TargetAttributes = {
					366628C72046859300CE9F51 = {
						CreatedOnToolsVersion = 9.2;
						ProvisioningStyle = Automatic;
					};
					366628DB2046859300CE9F51 = {
						CreatedOnToolsVersion = 9.2;
						ProvisioningStyle = Automatic;
						TestTargetID = 366628C72046859300CE9F51;
					};
					366628E62046859300CE9F51 = {
						CreatedOnToolsVersion = 9.2;
						ProvisioningStyle = Automatic;
						TestTargetID = 366628C72046859300CE9F51;
					};
				};
			};
			buildConfigurationList = 366628C32046859300CE9F51 /* Build configuration list for PBXProject "Algorithms" */;
			compatibilityVersion = "Xcode 8.0";
			developmentRegion = en;
			hasScannedForEncodings = 0;
			knownRegions = (
				en,
				Base,
			);
			mainGroup = 366628BF2046859300CE9F51;
			productRefGroup = 366628C92046859300CE9F51 /* Products */;
			projectDirPath = "";
			projectRoot = "";
			targets = (
				366628C72046859300CE9F51 /* Algorithms */,
				366628DB2046859300CE9F51 /* AlgorithmsTests */,
				366628E62046859300CE9F51 /* AlgorithmsUITests */,
			);
		};
/* End PBXProject section */

/* Begin PBXResourcesBuildPhase section */
		366628C62046859300CE9F51 /* Resources */ = {
			isa = PBXResourcesBuildPhase;
			buildActionMask = 2147483647;
			files = (
				366628D62046859300CE9F51 /* LaunchScreen.storyboard in Resources */,
				366628D32046859300CE9F51 /* Assets.xcassets in Resources */,
				366628D12046859300CE9F51 /* Main.storyboard in Resources */,
			);
			runOnlyForDeploymentPostprocessing = 0;
		};
		366628DA2046859300CE9F51 /* Resources */ = {
			isa = PBXResourcesBuildPhase;
			buildActionMask = 2147483647;
			files = (
			);
			runOnlyForDeploymentPostprocessing = 0;
		};
		366628E52046859300CE9F51 /* Resources */ = {
			isa = PBXResourcesBuildPhase;
			buildActionMask = 2147483647;
			files = (
			);
			runOnlyForDeploymentPostprocessing = 0;
		};
/* End PBXResourcesBuildPhase section */

/* Begin PBXSourcesBuildPhase section */
		366628C42046859300CE9F51 /* Sources */ = {
			isa = PBXSourcesBuildPhase;
			buildActionMask = 2147483647;
			files = (
				366628CE2046859300CE9F51 /* ViewController.swift in Sources */,
				3681559B204D221E00CD4B20 /* Algorithms+sort.swift in Sources */,
				366628CC2046859300CE9F51 /* AppDelegate.swift in Sources */,
				366628FA204685AC00CE9F51 /* Algorithms.swift in Sources */,
			);
			runOnlyForDeploymentPostprocessing = 0;
		};
		366628D82046859300CE9F51 /* Sources */ = {
			isa = PBXSourcesBuildPhase;
			buildActionMask = 2147483647;
			files = (
				366628E12046859300CE9F51 /* AlgorithmsTests.swift in Sources */,
			);
			runOnlyForDeploymentPostprocessing = 0;
		};
		366628E32046859300CE9F51 /* Sources */ = {
			isa = PBXSourcesBuildPhase;
			buildActionMask = 2147483647;
			files = (
				366628EC2046859300CE9F51 /* AlgorithmsUITests.swift in Sources */,
			);
			runOnlyForDeploymentPostprocessing = 0;
		};
/* End PBXSourcesBuildPhase section */

/* Begin PBXTargetDependency section */
		366628DE2046859300CE9F51 /* PBXTargetDependency */ = {
			isa = PBXTargetDependency;
			target = 366628C72046859300CE9F51 /* Algorithms */;
			targetProxy = 366628DD2046859300CE9F51 /* PBXContainerItemProxy */;
		};
		366628E92046859300CE9F51 /* PBXTargetDependency */ = {
			isa = PBXTargetDependency;
			target = 366628C72046859300CE9F51 /* Algorithms */;
			targetProxy = 366628E82046859300CE9F51 /* PBXContainerItemProxy */;
		};
/* End PBXTargetDependency section */

/* Begin PBXVariantGroup section */
		366628CF2046859300CE9F51 /* Main.storyboard */ = {
			isa = PBXVariantGroup;
			children = (
				366628D02046859300CE9F51 /* Base */,
			);
			name = Main.storyboard;
			sourceTree = "<group>";
		};
		366628D42046859300CE9F51 /* LaunchScreen.storyboard */ = {
			isa = PBXVariantGroup;
			children = (
				366628D52046859300CE9F51 /* Base */,
			);
			name = LaunchScreen.storyboard;
			sourceTree = "<group>";
		};
/* End PBXVariantGroup section */

/* Begin XCBuildConfiguration section */
		366628EE2046859300CE9F51 /* Debug */ = {
			isa = XCBuildConfiguration;
			buildSettings = {
				ALWAYS_SEARCH_USER_PATHS = NO;
				CLANG_ANALYZER_NONNULL = YES;
				CLANG_ANALYZER_NUMBER_OBJECT_CONVERSION = YES_AGGRESSIVE;
				CLANG_CXX_LANGUAGE_STANDARD = "gnu++14";
				CLANG_CXX_LIBRARY = "libc++";
				CLANG_ENABLE_MODULES = YES;
				CLANG_ENABLE_OBJC_ARC = YES;
				CLANG_WARN_BLOCK_CAPTURE_AUTORELEASING = YES;
				CLANG_WARN_BOOL_CONVERSION = YES;
				CLANG_WARN_COMMA = YES;
				CLANG_WARN_CONSTANT_CONVERSION = YES;
				CLANG_WARN_DIRECT_OBJC_ISA_USAGE = YES_ERROR;
				CLANG_WARN_DOCUMENTATION_COMMENTS = YES;
				CLANG_WARN_EMPTY_BODY = YES;
				CLANG_WARN_ENUM_CONVERSION = YES;
				CLANG_WARN_INFINITE_RECURSION = YES;
				CLANG_WARN_INT_CONVERSION = YES;
				CLANG_WARN_NON_LITERAL_NULL_CONVERSION = YES;
				CLANG_WARN_OBJC_LITERAL_CONVERSION = YES;
				CLANG_WARN_OBJC_ROOT_CLASS = YES_ERROR;
				CLANG_WARN_RANGE_LOOP_ANALYSIS = YES;
				CLANG_WARN_STRICT_PROTOTYPES = YES;
				CLANG_WARN_SUSPICIOUS_MOVE = YES;
				CLANG_WARN_UNGUARDED_AVAILABILITY = YES_AGGRESSIVE;
				CLANG_WARN_UNREACHABLE_CODE = YES;
				CLANG_WARN__DUPLICATE_METHOD_MATCH = YES;
				CODE_SIGN_IDENTITY = "iPhone Developer";
				COPY_PHASE_STRIP = NO;
				DEBUG_INFORMATION_FORMAT = dwarf;
				ENABLE_STRICT_OBJC_MSGSEND = YES;
				ENABLE_TESTABILITY = YES;
				GCC_C_LANGUAGE_STANDARD = gnu11;
				GCC_DYNAMIC_NO_PIC = NO;
				GCC_NO_COMMON_BLOCKS = YES;
				GCC_OPTIMIZATION_LEVEL = 0;
				GCC_PREPROCESSOR_DEFINITIONS = (
					"DEBUG=1",
					"$(inherited)",
				);
				GCC_WARN_64_TO_32_BIT_CONVERSION = YES;
				GCC_WARN_ABOUT_RETURN_TYPE = YES_ERROR;
				GCC_WARN_UNDECLARED_SELECTOR = YES;
				GCC_WARN_UNINITIALIZED_AUTOS = YES_AGGRESSIVE;
				GCC_WARN_UNUSED_FUNCTION = YES;
				GCC_WARN_UNUSED_VARIABLE = YES;
				IPHONEOS_DEPLOYMENT_TARGET = 11.2;
				MTL_ENABLE_DEBUG_INFO = YES;
				ONLY_ACTIVE_ARCH = YES;
				SDKROOT = iphoneos;
				SWIFT_ACTIVE_COMPILATION_CONDITIONS = DEBUG;
				SWIFT_OPTIMIZATION_LEVEL = "-Onone";
			};
			name = Debug;
		};
		366628EF2046859300CE9F51 /* Release */ = {
			isa = XCBuildConfiguration;
			buildSettings = {
				ALWAYS_SEARCH_USER_PATHS = NO;
				CLANG_ANALYZER_NONNULL = YES;
				CLANG_ANALYZER_NUMBER_OBJECT_CONVERSION = YES_AGGRESSIVE;
				CLANG_CXX_LANGUAGE_STANDARD = "gnu++14";
				CLANG_CXX_LIBRARY = "libc++";
				CLANG_ENABLE_MODULES = YES;
				CLANG_ENABLE_OBJC_ARC = YES;
				CLANG_WARN_BLOCK_CAPTURE_AUTORELEASING = YES;
				CLANG_WARN_BOOL_CONVERSION = YES;
				CLANG_WARN_COMMA = YES;
				CLANG_WARN_CONSTANT_CONVERSION = YES;
				CLANG_WARN_DIRECT_OBJC_ISA_USAGE = YES_ERROR;
				CLANG_WARN_DOCUMENTATION_COMMENTS = YES;
				CLANG_WARN_EMPTY_BODY = YES;
				CLANG_WARN_ENUM_CONVERSION = YES;
				CLANG_WARN_INFINITE_RECURSION = YES;
				CLANG_WARN_INT_CONVERSION = YES;
				CLANG_WARN_NON_LITERAL_NULL_CONVERSION = YES;
				CLANG_WARN_OBJC_LITERAL_CONVERSION = YES;
				CLANG_WARN_OBJC_ROOT_CLASS = YES_ERROR;
				CLANG_WARN_RANGE_LOOP_ANALYSIS = YES;
				CLANG_WARN_STRICT_PROTOTYPES = YES;
				CLANG_WARN_SUSPICIOUS_MOVE = YES;
				CLANG_WARN_UNGUARDED_AVAILABILITY = YES_AGGRESSIVE;
				CLANG_WARN_UNREACHABLE_CODE = YES;
				CLANG_WARN__DUPLICATE_METHOD_MATCH = YES;
				CODE_SIGN_IDENTITY = "iPhone Developer";
				COPY_PHASE_STRIP = NO;
				DEBUG_INFORMATION_FORMAT = "dwarf-with-dsym";
				ENABLE_NS_ASSERTIONS = NO;
				ENABLE_STRICT_OBJC_MSGSEND = YES;
				GCC_C_LANGUAGE_STANDARD = gnu11;
				GCC_NO_COMMON_BLOCKS = YES;
				GCC_WARN_64_TO_32_BIT_CONVERSION = YES;
				GCC_WARN_ABOUT_RETURN_TYPE = YES_ERROR;
				GCC_WARN_UNDECLARED_SELECTOR = YES;
				GCC_WARN_UNINITIALIZED_AUTOS = YES_AGGRESSIVE;
				GCC_WARN_UNUSED_FUNCTION = YES;
				GCC_WARN_UNUSED_VARIABLE = YES;
				IPHONEOS_DEPLOYMENT_TARGET = 11.2;
				MTL_ENABLE_DEBUG_INFO = NO;
				SDKROOT = iphoneos;
				SWIFT_OPTIMIZATION_LEVEL = "-Owholemodule";
				VALIDATE_PRODUCT = YES;
			};
			name = Release;
		};
		366628F12046859300CE9F51 /* Debug */ = {
			isa = XCBuildConfiguration;
			buildSettings = {
				ASSETCATALOG_COMPILER_APPICON_NAME = AppIcon;
				"CODE_SIGN_IDENTITY[sdk=iphoneos*]" = "iPhone Developer";
				CODE_SIGN_STYLE = Automatic;
				DEVELOPMENT_TEAM = 8B3DK73YS2;
				INFOPLIST_FILE = Algorithms/Info.plist;
				IPHONEOS_DEPLOYMENT_TARGET = 9.0;
				LD_RUNPATH_SEARCH_PATHS = "$(inherited) @executable_path/Frameworks";
				PRODUCT_BUNDLE_IDENTIFIER = com.youqufen.Algorithms;
				PRODUCT_NAME = "$(TARGET_NAME)";
				PROVISIONING_PROFILE_SPECIFIER = "";
				SWIFT_VERSION = 4.0;
				TARGETED_DEVICE_FAMILY = 1;
			};
			name = Debug;
		};
		366628F22046859300CE9F51 /* Release */ = {
			isa = XCBuildConfiguration;
			buildSettings = {
				ASSETCATALOG_COMPILER_APPICON_NAME = AppIcon;
				"CODE_SIGN_IDENTITY[sdk=iphoneos*]" = "iPhone Developer";
				CODE_SIGN_STYLE = Automatic;
				DEVELOPMENT_TEAM = 8B3DK73YS2;
				INFOPLIST_FILE = Algorithms/Info.plist;
				IPHONEOS_DEPLOYMENT_TARGET = 9.0;
				LD_RUNPATH_SEARCH_PATHS = "$(inherited) @executable_path/Frameworks";
				PRODUCT_BUNDLE_IDENTIFIER = com.youqufen.Algorithms;
				PRODUCT_NAME = "$(TARGET_NAME)";
				PROVISIONING_PROFILE_SPECIFIER = "";
				SWIFT_VERSION = 4.0;
				TARGETED_DEVICE_FAMILY = 1;
			};
			name = Release;
		};
		366628F42046859300CE9F51 /* Debug */ = {
			isa = XCBuildConfiguration;
			buildSettings = {
				ALWAYS_EMBED_SWIFT_STANDARD_LIBRARIES = YES;
				BUNDLE_LOADER = "$(TEST_HOST)";
				CODE_SIGN_STYLE = Automatic;
				DEVELOPMENT_TEAM = 8B3DK73YS2;
				INFOPLIST_FILE = AlgorithmsTests/Info.plist;
				LD_RUNPATH_SEARCH_PATHS = "$(inherited) @executable_path/Frameworks @loader_path/Frameworks";
				PRODUCT_BUNDLE_IDENTIFIER = youqufen.AlgorithmsTests;
				PRODUCT_NAME = "$(TARGET_NAME)";
				SWIFT_VERSION = 4.0;
				TARGETED_DEVICE_FAMILY = "1,2";
				TEST_HOST = "$(BUILT_PRODUCTS_DIR)/Algorithms.app/Algorithms";
			};
			name = Debug;
		};
		366628F52046859300CE9F51 /* Release */ = {
			isa = XCBuildConfiguration;
			buildSettings = {
				ALWAYS_EMBED_SWIFT_STANDARD_LIBRARIES = YES;
				BUNDLE_LOADER = "$(TEST_HOST)";
				CODE_SIGN_STYLE = Automatic;
				DEVELOPMENT_TEAM = 8B3DK73YS2;
				INFOPLIST_FILE = AlgorithmsTests/Info.plist;
				LD_RUNPATH_SEARCH_PATHS = "$(inherited) @executable_path/Frameworks @loader_path/Frameworks";
				PRODUCT_BUNDLE_IDENTIFIER = youqufen.AlgorithmsTests;
				PRODUCT_NAME = "$(TARGET_NAME)";
				SWIFT_VERSION = 4.0;
				TARGETED_DEVICE_FAMILY = "1,2";
				TEST_HOST = "$(BUILT_PRODUCTS_DIR)/Algorithms.app/Algorithms";
			};
			name = Release;
		};
		366628F72046859300CE9F51 /* Debug */ = {
			isa = XCBuildConfiguration;
			buildSettings = {
				ALWAYS_EMBED_SWIFT_STANDARD_LIBRARIES = YES;
				CODE_SIGN_STYLE = Automatic;
				DEVELOPMENT_TEAM = 8B3DK73YS2;
				INFOPLIST_FILE = AlgorithmsUITests/Info.plist;
				LD_RUNPATH_SEARCH_PATHS = "$(inherited) @executable_path/Frameworks @loader_path/Frameworks";
				PRODUCT_BUNDLE_IDENTIFIER = youqufen.AlgorithmsUITests;
				PRODUCT_NAME = "$(TARGET_NAME)";
				SWIFT_VERSION = 4.0;
				TARGETED_DEVICE_FAMILY = "1,2";
				TEST_TARGET_NAME = Algorithms;
			};
			name = Debug;
		};
		366628F82046859300CE9F51 /* Release */ = {
			isa = XCBuildConfiguration;
			buildSettings = {
				ALWAYS_EMBED_SWIFT_STANDARD_LIBRARIES = YES;
				CODE_SIGN_STYLE = Automatic;
				DEVELOPMENT_TEAM = 8B3DK73YS2;
				INFOPLIST_FILE = AlgorithmsUITests/Info.plist;
				LD_RUNPATH_SEARCH_PATHS = "$(inherited) @executable_path/Frameworks @loader_path/Frameworks";
				PRODUCT_BUNDLE_IDENTIFIER = youqufen.AlgorithmsUITests;
				PRODUCT_NAME = "$(TARGET_NAME)";
				SWIFT_VERSION = 4.0;
				TARGETED_DEVICE_FAMILY = "1,2";
				TEST_TARGET_NAME = Algorithms;
			};
			name = Release;
		};
/* End XCBuildConfiguration section */

/* Begin XCConfigurationList section */
		366628C32046859300CE9F51 /* Build configuration list for PBXProject "Algorithms" */ = {
			isa = XCConfigurationList;
			buildConfigurations = (
				366628EE2046859300CE9F51 /* Debug */,
				366628EF2046859300CE9F51 /* Release */,
			);
			defaultConfigurationIsVisible = 0;
			defaultConfigurationName = Release;
		};
		366628F02046859300CE9F51 /* Build configuration list for PBXNativeTarget "Algorithms" */ = {
			isa = XCConfigurationList;
			buildConfigurations = (
				366628F12046859300CE9F51 /* Debug */,
				366628F22046859300CE9F51 /* Release */,
			);
			defaultConfigurationIsVisible = 0;
			defaultConfigurationName = Release;
		};
		366628F32046859300CE9F51 /* Build configuration list for PBXNativeTarget "AlgorithmsTests" */ = {
			isa = XCConfigurationList;
			buildConfigurations = (
				366628F42046859300CE9F51 /* Debug */,
				366628F52046859300CE9F51 /* Release */,
			);
			defaultConfigurationIsVisible = 0;
			defaultConfigurationName = Release;
		};
		366628F62046859300CE9F51 /* Build configuration list for PBXNativeTarget "AlgorithmsUITests" */ = {
			isa = XCConfigurationList;
			buildConfigurations = (
				366628F72046859300CE9F51 /* Debug */,
				366628F82046859300CE9F51 /* Release */,
			);
			defaultConfigurationIsVisible = 0;
			defaultConfigurationName = Release;
		};
/* End XCConfigurationList section */
	};
	rootObject = 366628C02046859300CE9F51 /* Project object */;
}
